
Microsoft Visual Studio Solution File, Format Version 12.00
# Visual Studio Version 16
VisualStudioVersion = 16.0.28922.388
MinimumVisualStudioVersion = 10.0.40219.1
Project("{FAE04EC0-301F-11D3-BF4B-00C04F79EFBC}") = "EncodingHandler", "EncodingHandler\EncodingHandler.csproj", "{5673DCC7-F173-4128-AF11-EE23A4B0BCC2}"
EndProject
Project("{FAE04EC0-301F-11D3-BF4B-00C04F79EFBC}") = "EncodingUnitTests", "EncodingUnitTests\EncodingUnitTests.csproj", "{4BE2AC2F-7D28-4488-84A7-CA507FC89323}"
EndProject
Project("{FAE04EC0-301F-11D3-BF4B-00C04F79EFBC}") = "Blake2bHasher", "Blake2bHasher\Blake2bHasher.csproj", "{3DF77B51-9494-4AF7-94D8-8CC9CCA14BE2}"
EndProject
Global
	GlobalSection(SolutionConfigurationPlatforms) = preSolution
		Debug|Any CPU = Debug|Any CPU
		Release|Any CPU = Release|Any CPU
	EndGlobalSection
	GlobalSection(ProjectConfigurationPlatforms) = postSolution
		{5673DCC7-F173-4128-AF11-EE23A4B0BCC2}.Debug|Any CPU.ActiveCfg = Debug|Any CPU
		{5673DCC7-F173-4128-AF11-EE23A4B0BCC2}.Debug|Any CPU.Build.0 = Debug|Any CPU
		{5673DCC7-F173-4128-AF11-EE23A4B0BCC2}.Release|Any CPU.ActiveCfg = Release|Any CPU
		{5673DCC7-F173-4128-AF11-EE23A4B0BCC2}.Release|Any CPU.Build.0 = Release|Any CPU
		{4BE2AC2F-7D28-4488-84A7-CA507FC89323}.Debug|Any CPU.ActiveCfg = Debug|Any CPU
		{4BE2AC2F-7D28-4488-84A7-CA507FC89323}.Debug|Any CPU.Build.0 = Debug|Any CPU
		{4BE2AC2F-7D28-4488-84A7-CA507FC89323}.Release|Any CPU.ActiveCfg = Release|Any CPU
		{4BE2AC2F-7D28-4488-84A7-CA507FC89323}.Release|Any CPU.Build.0 = Release|Any CPU
		{3DF77B51-9494-4AF7-94D8-8CC9CCA14BE2}.Debug|Any CPU.ActiveCfg = Debug|Any CPU
		{3DF77B51-9494-4AF7-94D8-8CC9CCA14BE2}.Debug|Any CPU.Build.0 = Debug|Any CPU
		{3DF77B51-9494-4AF7-94D8-8CC9CCA14BE2}.Release|Any CPU.ActiveCfg = Release|Any CPU
		{3DF77B51-9494-4AF7-94D8-8CC9CCA14BE2}.Release|Any CPU.Build.0 = Release|Any CPU
	EndGlobalSection
	GlobalSection(SolutionProperties) = preSolution
		HideSolutionNode = FALSE
	EndGlobalSection
	GlobalSection(ExtensibilityGlobals) = postSolution
		SolutionGuid = {DBECA5B0-0F20-44F3-962A-FD47BCFB403C}
	EndGlobalSection
EndGlobal
